{
  "nodes": {
    "nixpkgs": {
      "locked": {
        "lastModified": 1597682354,
        "narHash": "sha256-6J4Q9gYzIuYUjn9MLJvte5KY2ZBpQ+3prsSz+r/8le0=",
        "owner": "nixos",
        "repo": "nixpkgs",
        "rev": "1e3f09feaa5667be4ed6eca96a984b4642420b83",
        "type": "github"
      },
      "original": {
        "owner": "nixos",
        "ref": "nixos-unstable",
        "repo": "nixpkgs",
        "type": "github"
      }
    },
    "nixpkgs-mozilla": {
      "flake": false,
      "locked": {
        "lastModified": 1594829078,
        "narHash": "sha256-yRCkO499a5gucHmxgWb/QDqPt/UBTbuPURuPZ9DLmIc=",
        "owner": "mozilla",
        "repo": "nixpkgs-mozilla",
        "rev": "efda5b357451dbb0431f983cca679ae3cd9b9829",
        "type": "github"
      },
      "original": {
        "owner": "mozilla",
        "ref": "master",
        "repo": "nixpkgs-mozilla",
        "type": "github"
      }
    },
    "root": {
      "inputs": {
        "nixpkgs": "nixpkgs",
        "nixpkgs-mozilla": "nixpkgs-mozilla"
      }
    }
  },
  "root": "root",
  "version": 7
}
